
Microsoft Visual Studio Solution File, Format Version 12.00
# Visual Studio Version 17
VisualStudioVersion = 17.8.34511.84
MinimumVisualStudioVersion = 10.0.40219.1
Project("{9A19103F-16F7-4668-BE54-9A1E7A4F7556}") = "API", "API\API.csproj", "{14EFF159-307B-4C35-A203-2DE6158F4B97}"
EndProject
Project("{9A19103F-16F7-4668-BE54-9A1E7A4F7556}") = "BLL", "BLL\BLL.csproj", "{578A392A-09B1-4212-9B54-061A6F553261}"
EndProject
Project("{9A19103F-16F7-4668-BE54-9A1E7A4F7556}") = "DAL", "DAL\DAL.csproj", "{661F3CB2-32E2-4FCF-924A-2FA2F2BEF622}"
EndProject
Global
	GlobalSection(SolutionConfigurationPlatforms) = preSolution
		Debug|Any CPU = Debug|Any CPU
		Release|Any CPU = Release|Any CPU
	EndGlobalSection
	GlobalSection(ProjectConfigurationPlatforms) = postSolution
		{14EFF159-307B-4C35-A203-2DE6158F4B97}.Debug|Any CPU.ActiveCfg = Debug|Any CPU
		{14EFF159-307B-4C35-A203-2DE6158F4B97}.Debug|Any CPU.Build.0 = Debug|Any CPU
		{14EFF159-307B-4C35-A203-2DE6158F4B97}.Release|Any CPU.ActiveCfg = Release|Any CPU
		{14EFF159-307B-4C35-A203-2DE6158F4B97}.Release|Any CPU.Build.0 = Release|Any CPU
		{578A392A-09B1-4212-9B54-061A6F553261}.Debug|Any CPU.ActiveCfg = Debug|Any CPU
		{578A392A-09B1-4212-9B54-061A6F553261}.Debug|Any CPU.Build.0 = Debug|Any CPU
		{578A392A-09B1-4212-9B54-061A6F553261}.Release|Any CPU.ActiveCfg = Release|Any CPU
		{578A392A-09B1-4212-9B54-061A6F553261}.Release|Any CPU.Build.0 = Release|Any CPU
		{661F3CB2-32E2-4FCF-924A-2FA2F2BEF622}.Debug|Any CPU.ActiveCfg = Debug|Any CPU
		{661F3CB2-32E2-4FCF-924A-2FA2F2BEF622}.Debug|Any CPU.Build.0 = Debug|Any CPU
		{661F3CB2-32E2-4FCF-924A-2FA2F2BEF622}.Release|Any CPU.ActiveCfg = Release|Any CPU
		{661F3CB2-32E2-4FCF-924A-2FA2F2BEF622}.Release|Any CPU.Build.0 = Release|Any CPU
	EndGlobalSection
	GlobalSection(SolutionProperties) = preSolution
		HideSolutionNode = FALSE
	EndGlobalSection
	GlobalSection(ExtensibilityGlobals) = postSolution
		SolutionGuid = {6D362490-48F2-4FAA-8DE6-AC871175EAF5}
	EndGlobalSection
EndGlobal
